<?xml version="1.0" encoding="utf-8"?>
<Project ToolsVersion="4.0" xmlns="http://schemas.microsoft.com/developer/msbuild/2003">
  <ItemGroup>
    <Filter Include="Source Files">
      <UniqueIdentifier>{4FC737F1-C7A5-4376-A066-2A32D752A2FF}</UniqueIdentifier>
      <Extensions>cpp;c;cc;cxx;c++;cppm;ixx;def;odl;idl;hpj;bat;asm;asmx</Extensions>
    </Filter>
    <Filter Include="Header Files">
      <UniqueIdentifier>{93995380-89BD-4b04-88EB-625FBE52EBFB}</UniqueIdentifier>
      <Extensions>h;hh;hpp;hxx;h++;hm;inl;inc;ipp;xsd</Extensions>
    </Filter>
    <Filter Include="Resource Files">
      <UniqueIdentifier>{67DA6AB6-F800-4c08-8B7A-83BB121AAD01}</UniqueIdentifier>
      <Extensions>rc;ico;cur;bmp;dlg;rc2;rct;bin;rgs;gif;jpg;jpeg;jpe;resx;tiff;tif;png;wav;mfcribbon-ms</Extensions>
    </Filter>
    <Filter Include="Header Files\notepadpp">
      <UniqueIdentifier>{722684f8-20c9-4d35-bbf7-e0a6b3d6b1c7}</UniqueIdentifier>
    </Filter>
    <Filter Include="Source Files\notepadpp">
      <UniqueIdentifier>{21b7c8b0-f0fe-4fef-9426-14121135232b}</UniqueIdentifier>
    </Filter>
  </ItemGroup>
  <ItemGroup>
    <ClCompile Include="dllmain.cpp">
      <Filter>Source Files</Filter>
    </ClCompile>
    <ClCompile Include="FilterManager.cpp">
      <Filter>Source Files</Filter>
    </ClCompile>
  </ItemGroup>
  <ItemGroup>
    <None Include="FilterManager.h">
      <Filter>Header Files</Filter>
    </None>
  </ItemGroup>
  <ItemGroup>
    <ClInclude Include="notepadpp\menuCmdID.h">
      <Filter>Header Files\notepadpp</Filter>
    </ClInclude>
    <ClInclude Include="notepadpp\Notepad_plus_msgs.h">
      <Filter>Header Files\notepadpp</Filter>
    </ClInclude>
    <ClInclude Include="notepadpp\PluginInterface.h">
      <Filter>Header Files\notepadpp</Filter>
    </ClInclude>
    <ClInclude Include="notepadpp\resource.h">
      <Filter>Header Files\notepadpp</Filter>
    </ClInclude>
    <ClInclude Include="notepadpp\Sci_Position.h">
      <Filter>Header Files\notepadpp</Filter>
    </ClInclude>
    <ClInclude Include="notepadpp\Scintilla.h">
      <Filter>Header Files\notepadpp</Filter>
    </ClInclude>
  </ItemGroup>
</Project>